
Microsoft Visual Studio Solution File, Format Version 11.00
# Visual Studio 2010
Project("{FAE04EC0-301F-11D3-BF4B-00C04F79EFBC}") = "AlarmBase", "..\AlarmBase\AlarmBase\AlarmBase.csproj", "{776B4AE5-6761-40A9-8E96-23F1794A1CD9}"
EndProject
Project("{FAE04EC0-301F-11D3-BF4B-00C04F79EFBC}") = "ClientComm", "..\ClientComm\ClientComm\ClientComm.csproj", "{0CD20DD4-2E2C-4F7C-9435-744417990E8E}"
EndProject
Project("{FAE04EC0-301F-11D3-BF4B-00C04F79EFBC}") = "MD5Encrypt", "..\MD5Encrypt\MD5Encrypt.csproj", "{8A3BDA44-BDB2-4B30-BA1E-A87A0EB0E08F}"
EndProject
Project("{FAE04EC0-301F-11D3-BF4B-00C04F79EFBC}") = "SQLHelper", "..\SQLHelper\SQLHelper.csproj", "{310AFFD7-45F7-4E97-AF4A-9CFB1D79DA17}"
EndProject
Project("{FAE04EC0-301F-11D3-BF4B-00C04F79EFBC}") = "WatchDog", "..\WatchDog\WatchDog.csproj", "{571A8DBF-3E0F-48BE-A718-9B9BA897E70D}"
EndProject
Project("{FAE04EC0-301F-11D3-BF4B-00C04F79EFBC}") = "DefLib", "..\DefLib\DefLib.csproj", "{F8AA0DF5-6A0A-402E-AE4D-78F898F58000}"
EndProject
Project("{FAE04EC0-301F-11D3-BF4B-00C04F79EFBC}") = "AdapterRemoting", "IRemoteAdapterController\AdapterRemoting.csproj", "{681AB952-02A5-4AA3-B9F5-F18825F001BF}"
EndProject
Project("{FAE04EC0-301F-11D3-BF4B-00C04F79EFBC}") = "C5", "..\C5\C5.csproj", "{D70489CD-ABDA-48FF-BD1E-BE3F7495BE71}"
EndProject
Project("{FAE04EC0-301F-11D3-BF4B-00C04F79EFBC}") = "MySql.Data", "..\MySql.Data\Provider\MySql.Data.csproj", "{E9DF5ED1-4CBD-4226-B931-9A51610AC14D}"
EndProject
Project("{FAE04EC0-301F-11D3-BF4B-00C04F79EFBC}") = "OracleHelper", "..\OracleHelper\OracleHelper\OracleHelper.csproj", "{CDD5366B-5733-4C04-8D71-C94368A11A60}"
EndProject
Project("{FAE04EC0-301F-11D3-BF4B-00C04F79EFBC}") = "SMC", "..\SMC\SMC\SMC.csproj", "{4F2E6770-2611-441F-9934-8104C961AD10}"
EndProject
Project("{FAE04EC0-301F-11D3-BF4B-00C04F79EFBC}") = "SmcDaemon", "..\SmcDaemon\SmcDaemon\SmcDaemon.csproj", "{111969DF-1303-4D39-A8BE-3F852E28F89C}"
EndProject
Project("{FAE04EC0-301F-11D3-BF4B-00C04F79EFBC}") = "SystemMon", "..\SystemMon\SystemMon\SystemMon.csproj", "{F9BC0162-6465-42BB-A683-33256BA15BD5}"
EndProject
Project("{2150E333-8FDC-42A3-9474-1A3956D46DE8}") = "Solution Items", "Solution Items", "{F5CFE8E7-447E-4440-82DC-642A785FF8B8}"
	ProjectSection(SolutionItems) = preProject
		ChangeLog.txt = ChangeLog.txt
	EndProjectSection
EndProject
Project("{FAE04EC0-301F-11D3-BF4B-00C04F79EFBC}") = "HGUAdapterBase", "HGUAdapterBase\HGUAdapterBase.csproj", "{74E37640-C191-4FC3-A41A-17CEED4B9847}"
EndProject
Project("{FAE04EC0-301F-11D3-BF4B-00C04F79EFBC}") = "HGUCommandsBuilder", "HGUCommandsBuilder\HGUCommandsBuilder.csproj", "{975E634F-95ED-4608-8939-8AAEC48FB3E6}"
EndProject
Project("{FAE04EC0-301F-11D3-BF4B-00C04F79EFBC}") = "HGUCommandsBuilder_Bell", "HGUCommandsBuilder_Bell\HGUCommandsBuilder_Bell.csproj", "{BBBEB380-A6AC-4F0D-9FF5-0BC7C0466457}"
EndProject
Project("{FAE04EC0-301F-11D3-BF4B-00C04F79EFBC}") = "HGUCommandsBuilder_Fiber", "HGUCommandsBuilder_FiberHome\HGUCommandsBuilder_Fiber.csproj", "{0BF81FBD-4563-4DAB-BC43-2D7C22E07C03}"
EndProject
Project("{FAE04EC0-301F-11D3-BF4B-00C04F79EFBC}") = "HGUCommandsBuilder_HuaWei", "HGUCommandsBuilder_HuaWei\HGUCommandsBuilder_HuaWei.csproj", "{18C5128D-8044-4D20-8C06-C452D5332321}"
EndProject
Project("{FAE04EC0-301F-11D3-BF4B-00C04F79EFBC}") = "HGUCommandsBuilder_ZTE", "HGUCommandsBuilder_ZTE\HGUCommandsBuilder_ZTE.csproj", "{B3E513BB-9A15-4FC8-BA95-E584603A9B89}"
EndProject
Project("{FAE04EC0-301F-11D3-BF4B-00C04F79EFBC}") = "HGUTl1Wrapper", "HGUTl1Wrapper\HGUTl1Wrapper.csproj", "{B9A86DD6-0317-4043-8083-511F4EF8266F}"
EndProject
Project("{FAE04EC0-301F-11D3-BF4B-00C04F79EFBC}") = "HGUTl1Wrapper_Bell", "HGUTl1Wrapper_Bell\HGUTl1Wrapper_Bell.csproj", "{BEDD30A5-D684-4B29-BFE9-97E1AA83FB9E}"
EndProject
Project("{FAE04EC0-301F-11D3-BF4B-00C04F79EFBC}") = "HGUTl1Wrapper_Fiber", "HGUTl1Wrapper_Fiber\HGUTl1Wrapper_Fiber.csproj", "{1C1E584D-97E7-482C-A725-7B301D2134D1}"
EndProject
Project("{FAE04EC0-301F-11D3-BF4B-00C04F79EFBC}") = "HGUTl1Wrapper_ZTE", "HGUTl1Wrapper_ZTE\HGUTl1Wrapper_ZTE.csproj", "{01172983-2529-4833-AFA0-9E62A195B1E0}"
EndProject
Project("{FAE04EC0-301F-11D3-BF4B-00C04F79EFBC}") = "RemotableHGU_ZTE_Adapter", "RemotableHGU_ZTE_Adapter\RemotableHGU_ZTE_Adapter.csproj", "{54BBA4BF-DE4A-42AF-896D-7301E3D337FF}"
EndProject
Project("{FAE04EC0-301F-11D3-BF4B-00C04F79EFBC}") = "RemotableHGU_PBoss_Adapter", "RemotableHGU_PBoss_Adapter\RemotableHGU_PBoss_Adapter.csproj", "{85429DE8-8757-411B-958F-20408AF45923}"
EndProject
Project("{FAE04EC0-301F-11D3-BF4B-00C04F79EFBC}") = "RemotableHGU_HuaWei_Adapter", "RemotableHGU_HuaWei_Adapter\RemotableHGU_HuaWei_Adapter.csproj", "{6E1A2ABD-A7F5-49E3-9CB7-4D6B45900573}"
EndProject
Project("{FAE04EC0-301F-11D3-BF4B-00C04F79EFBC}") = "RemotableHGU_Fiber_Adapter", "RemotableHGU_Fiber_Adapter\RemotableHGU_Fiber_Adapter.csproj", "{167956DA-D090-4DA5-894C-E977C062F765}"
EndProject
Project("{FAE04EC0-301F-11D3-BF4B-00C04F79EFBC}") = "RemotableHGU_Bell_Adapter", "RemotableHGU_Bell_Adapter\RemotableHGU_Bell_Adapter.csproj", "{12C3E29D-27C8-430D-934E-3FD2409A4DC9}"
EndProject
Project("{FAE04EC0-301F-11D3-BF4B-00C04F79EFBC}") = "HGUIdl", "..\HGUIdl\HGUIdl.csproj", "{13D69ED6-5D72-40DF-947D-699F915AF334}"
EndProject
Project("{FAE04EC0-301F-11D3-BF4B-00C04F79EFBC}") = "HGUWebService", "..\HGUWebService\HGUWebService.csproj", "{7940A7C6-5043-44C2-B3A4-11B2B9C6A1A0}"
EndProject
Project("{FAE04EC0-301F-11D3-BF4B-00C04F79EFBC}") = "HGUWebServiceTest", "HGUWebServiceTest\HGUWebServiceTest.csproj", "{BA4B7D12-269E-4721-B5E3-7BE8A2E403C9}"
EndProject
Global
	GlobalSection(SolutionConfigurationPlatforms) = preSolution
		Debug|Any CPU = Debug|Any CPU
		Debug|Mixed Platforms = Debug|Mixed Platforms
		Debug|x86 = Debug|x86
		DebugSnk|Any CPU = DebugSnk|Any CPU
		DebugSnk|Mixed Platforms = DebugSnk|Mixed Platforms
		DebugSnk|x86 = DebugSnk|x86
		Release|Any CPU = Release|Any CPU
		Release|Mixed Platforms = Release|Mixed Platforms
		Release|x86 = Release|x86
		ReleaseSnk|Any CPU = ReleaseSnk|Any CPU
		ReleaseSnk|Mixed Platforms = ReleaseSnk|Mixed Platforms
		ReleaseSnk|x86 = ReleaseSnk|x86
	EndGlobalSection
	GlobalSection(ProjectConfigurationPlatforms) = postSolution
		{776B4AE5-6761-40A9-8E96-23F1794A1CD9}.Debug|Any CPU.ActiveCfg = Debug|Any CPU
		{776B4AE5-6761-40A9-8E96-23F1794A1CD9}.Debug|Any CPU.Build.0 = Debug|Any CPU
		{776B4AE5-6761-40A9-8E96-23F1794A1CD9}.Debug|Mixed Platforms.ActiveCfg = Debug|Any CPU
		{776B4AE5-6761-40A9-8E96-23F1794A1CD9}.Debug|Mixed Platforms.Build.0 = Debug|Any CPU
		{776B4AE5-6761-40A9-8E96-23F1794A1CD9}.Debug|x86.ActiveCfg = Debug|Any CPU
		{776B4AE5-6761-40A9-8E96-23F1794A1CD9}.DebugSnk|Any CPU.ActiveCfg = Debug|Any CPU
		{776B4AE5-6761-40A9-8E96-23F1794A1CD9}.DebugSnk|Any CPU.Build.0 = Debug|Any CPU
		{776B4AE5-6761-40A9-8E96-23F1794A1CD9}.DebugSnk|Mixed Platforms.ActiveCfg = Debug|Any CPU
		{776B4AE5-6761-40A9-8E96-23F1794A1CD9}.DebugSnk|Mixed Platforms.Build.0 = Debug|Any CPU
		{776B4AE5-6761-40A9-8E96-23F1794A1CD9}.DebugSnk|x86.ActiveCfg = Debug|Any CPU
		{776B4AE5-6761-40A9-8E96-23F1794A1CD9}.Release|Any CPU.ActiveCfg = Release|Any CPU
		{776B4AE5-6761-40A9-8E96-23F1794A1CD9}.Release|Any CPU.Build.0 = Release|Any CPU
		{776B4AE5-6761-40A9-8E96-23F1794A1CD9}.Release|Mixed Platforms.ActiveCfg = Release|Any CPU
		{776B4AE5-6761-40A9-8E96-23F1794A1CD9}.Release|Mixed Platforms.Build.0 = Release|Any CPU
		{776B4AE5-6761-40A9-8E96-23F1794A1CD9}.Release|x86.ActiveCfg = Release|Any CPU
		{776B4AE5-6761-40A9-8E96-23F1794A1CD9}.ReleaseSnk|Any CPU.ActiveCfg = Release|Any CPU
		{776B4AE5-6761-40A9-8E96-23F1794A1CD9}.ReleaseSnk|Any CPU.Build.0 = Release|Any CPU
		{776B4AE5-6761-40A9-8E96-23F1794A1CD9}.ReleaseSnk|Mixed Platforms.ActiveCfg = Release|Any CPU
		{776B4AE5-6761-40A9-8E96-23F1794A1CD9}.ReleaseSnk|Mixed Platforms.Build.0 = Release|Any CPU
		{776B4AE5-6761-40A9-8E96-23F1794A1CD9}.ReleaseSnk|x86.ActiveCfg = Release|Any CPU
		{0CD20DD4-2E2C-4F7C-9435-744417990E8E}.Debug|Any CPU.ActiveCfg = Debug|Any CPU
		{0CD20DD4-2E2C-4F7C-9435-744417990E8E}.Debug|Any CPU.Build.0 = Debug|Any CPU
		{0CD20DD4-2E2C-4F7C-9435-744417990E8E}.Debug|Mixed Platforms.ActiveCfg = Debug|Any CPU
		{0CD20DD4-2E2C-4F7C-9435-744417990E8E}.Debug|Mixed Platforms.Build.0 = Debug|Any CPU
		{0CD20DD4-2E2C-4F7C-9435-744417990E8E}.Debug|x86.ActiveCfg = Debug|x86
		{0CD20DD4-2E2C-4F7C-9435-744417990E8E}.Debug|x86.Build.0 = Debug|x86
		{0CD20DD4-2E2C-4F7C-9435-744417990E8E}.DebugSnk|Any CPU.ActiveCfg = Debug|Any CPU
		{0CD20DD4-2E2C-4F7C-9435-744417990E8E}.DebugSnk|Any CPU.Build.0 = Debug|Any CPU
		{0CD20DD4-2E2C-4F7C-9435-744417990E8E}.DebugSnk|Mixed Platforms.ActiveCfg = Debug|x86
		{0CD20DD4-2E2C-4F7C-9435-744417990E8E}.DebugSnk|Mixed Platforms.Build.0 = Debug|x86
		{0CD20DD4-2E2C-4F7C-9435-744417990E8E}.DebugSnk|x86.ActiveCfg = Debug|x86
		{0CD20DD4-2E2C-4F7C-9435-744417990E8E}.DebugSnk|x86.Build.0 = Debug|x86
		{0CD20DD4-2E2C-4F7C-9435-744417990E8E}.Release|Any CPU.ActiveCfg = Release|Any CPU
		{0CD20DD4-2E2C-4F7C-9435-744417990E8E}.Release|Any CPU.Build.0 = Release|Any CPU
		{0CD20DD4-2E2C-4F7C-9435-744417990E8E}.Release|Mixed Platforms.ActiveCfg = Release|x86
		{0CD20DD4-2E2C-4F7C-9435-744417990E8E}.Release|Mixed Platforms.Build.0 = Release|x86
		{0CD20DD4-2E2C-4F7C-9435-744417990E8E}.Release|x86.ActiveCfg = Release|x86
		{0CD20DD4-2E2C-4F7C-9435-744417990E8E}.Release|x86.Build.0 = Release|x86
		{0CD20DD4-2E2C-4F7C-9435-744417990E8E}.ReleaseSnk|Any CPU.ActiveCfg = Release|Any CPU
		{0CD20DD4-2E2C-4F7C-9435-744417990E8E}.ReleaseSnk|Any CPU.Build.0 = Release|Any CPU
		{0CD20DD4-2E2C-4F7C-9435-744417990E8E}.ReleaseSnk|Mixed Platforms.ActiveCfg = Release|x86
		{0CD20DD4-2E2C-4F7C-9435-744417990E8E}.ReleaseSnk|Mixed Platforms.Build.0 = Release|x86
		{0CD20DD4-2E2C-4F7C-9435-744417990E8E}.ReleaseSnk|x86.ActiveCfg = Release|x86
		{0CD20DD4-2E2C-4F7C-9435-744417990E8E}.ReleaseSnk|x86.Build.0 = Release|x86
		{8A3BDA44-BDB2-4B30-BA1E-A87A0EB0E08F}.Debug|Any CPU.ActiveCfg = Debug|Any CPU
		{8A3BDA44-BDB2-4B30-BA1E-A87A0EB0E08F}.Debug|Any CPU.Build.0 = Debug|Any CPU
		{8A3BDA44-BDB2-4B30-BA1E-A87A0EB0E08F}.Debug|Mixed Platforms.ActiveCfg = Debug|Any CPU
		{8A3BDA44-BDB2-4B30-BA1E-A87A0EB0E08F}.Debug|Mixed Platforms.Build.0 = Debug|Any CPU
		{8A3BDA44-BDB2-4B30-BA1E-A87A0EB0E08F}.Debug|x86.ActiveCfg = Debug|Any CPU
		{8A3BDA44-BDB2-4B30-BA1E-A87A0EB0E08F}.DebugSnk|Any CPU.ActiveCfg = Debug|Any CPU
		{8A3BDA44-BDB2-4B30-BA1E-A87A0EB0E08F}.DebugSnk|Any CPU.Build.0 = Debug|Any CPU
		{8A3BDA44-BDB2-4B30-BA1E-A87A0EB0E08F}.DebugSnk|Mixed Platforms.ActiveCfg = Debug|Any CPU
		{8A3BDA44-BDB2-4B30-BA1E-A87A0EB0E08F}.DebugSnk|Mixed Platforms.Build.0 = Debug|Any CPU
		{8A3BDA44-BDB2-4B30-BA1E-A87A0EB0E08F}.DebugSnk|x86.ActiveCfg = Debug|Any CPU
		{8A3BDA44-BDB2-4B30-BA1E-A87A0EB0E08F}.Release|Any CPU.ActiveCfg = Release|Any CPU
		{8A3BDA44-BDB2-4B30-BA1E-A87A0EB0E08F}.Release|Any CPU.Build.0 = Release|Any CPU
		{8A3BDA44-BDB2-4B30-BA1E-A87A0EB0E08F}.Release|Mixed Platforms.ActiveCfg = Release|Any CPU
		{8A3BDA44-BDB2-4B30-BA1E-A87A0EB0E08F}.Release|Mixed Platforms.Build.0 = Release|Any CPU
		{8A3BDA44-BDB2-4B30-BA1E-A87A0EB0E08F}.Release|x86.ActiveCfg = Release|Any CPU
		{8A3BDA44-BDB2-4B30-BA1E-A87A0EB0E08F}.ReleaseSnk|Any CPU.ActiveCfg = Release|Any CPU
		{8A3BDA44-BDB2-4B30-BA1E-A87A0EB0E08F}.ReleaseSnk|Any CPU.Build.0 = Release|Any CPU
		{8A3BDA44-BDB2-4B30-BA1E-A87A0EB0E08F}.ReleaseSnk|Mixed Platforms.ActiveCfg = Release|Any CPU
		{8A3BDA44-BDB2-4B30-BA1E-A87A0EB0E08F}.ReleaseSnk|Mixed Platforms.Build.0 = Release|Any CPU
		{8A3BDA44-BDB2-4B30-BA1E-A87A0EB0E08F}.ReleaseSnk|x86.ActiveCfg = Release|Any CPU
		{310AFFD7-45F7-4E97-AF4A-9CFB1D79DA17}.Debug|Any CPU.ActiveCfg = Debug|Any CPU
		{310AFFD7-45F7-4E97-AF4A-9CFB1D79DA17}.Debug|Any CPU.Build.0 = Debug|Any CPU
		{310AFFD7-45F7-4E97-AF4A-9CFB1D79DA17}.Debug|Mixed Platforms.ActiveCfg = Debug|Any CPU
		{310AFFD7-45F7-4E97-AF4A-9CFB1D79DA17}.Debug|Mixed Platforms.Build.0 = Debug|Any CPU
		{310AFFD7-45F7-4E97-AF4A-9CFB1D79DA17}.Debug|x86.ActiveCfg = Debug|Any CPU
		{310AFFD7-45F7-4E97-AF4A-9CFB1D79DA17}.DebugSnk|Any CPU.ActiveCfg = Debug|Any CPU
		{310AFFD7-45F7-4E97-AF4A-9CFB1D79DA17}.DebugSnk|Any CPU.Build.0 = Debug|Any CPU
		{310AFFD7-45F7-4E97-AF4A-9CFB1D79DA17}.DebugSnk|Mixed Platforms.ActiveCfg = Debug|Any CPU
		{310AFFD7-45F7-4E97-AF4A-9CFB1D79DA17}.DebugSnk|Mixed Platforms.Build.0 = Debug|Any CPU
		{310AFFD7-45F7-4E97-AF4A-9CFB1D79DA17}.DebugSnk|x86.ActiveCfg = Debug|Any CPU
		{310AFFD7-45F7-4E97-AF4A-9CFB1D79DA17}.Release|Any CPU.ActiveCfg = Release|Any CPU
		{310AFFD7-45F7-4E97-AF4A-9CFB1D79DA17}.Release|Any CPU.Build.0 = Release|Any CPU
		{310AFFD7-45F7-4E97-AF4A-9CFB1D79DA17}.Release|Mixed Platforms.ActiveCfg = Release|Any CPU
		{310AFFD7-45F7-4E97-AF4A-9CFB1D79DA17}.Release|Mixed Platforms.Build.0 = Release|Any CPU
		{310AFFD7-45F7-4E97-AF4A-9CFB1D79DA17}.Release|x86.ActiveCfg = Release|Any CPU
		{310AFFD7-45F7-4E97-AF4A-9CFB1D79DA17}.ReleaseSnk|Any CPU.ActiveCfg = Release|Any CPU
		{310AFFD7-45F7-4E97-AF4A-9CFB1D79DA17}.ReleaseSnk|Any CPU.Build.0 = Release|Any CPU
		{310AFFD7-45F7-4E97-AF4A-9CFB1D79DA17}.ReleaseSnk|Mixed Platforms.ActiveCfg = Release|Any CPU
		{310AFFD7-45F7-4E97-AF4A-9CFB1D79DA17}.ReleaseSnk|Mixed Platforms.Build.0 = Release|Any CPU
		{310AFFD7-45F7-4E97-AF4A-9CFB1D79DA17}.ReleaseSnk|x86.ActiveCfg = Release|Any CPU
		{571A8DBF-3E0F-48BE-A718-9B9BA897E70D}.Debug|Any CPU.ActiveCfg = Debug|Any CPU
		{571A8DBF-3E0F-48BE-A718-9B9BA897E70D}.Debug|Any CPU.Build.0 = Debug|Any CPU
		{571A8DBF-3E0F-48BE-A718-9B9BA897E70D}.Debug|Mixed Platforms.ActiveCfg = Debug|Any CPU
		{571A8DBF-3E0F-48BE-A718-9B9BA897E70D}.Debug|Mixed Platforms.Build.0 = Debug|Any CPU
		{571A8DBF-3E0F-48BE-A718-9B9BA897E70D}.Debug|x86.ActiveCfg = Debug|Any CPU
		{571A8DBF-3E0F-48BE-A718-9B9BA897E70D}.DebugSnk|Any CPU.ActiveCfg = Debug|Any CPU
		{571A8DBF-3E0F-48BE-A718-9B9BA897E70D}.DebugSnk|Any CPU.Build.0 = Debug|Any CPU
		{571A8DBF-3E0F-48BE-A718-9B9BA897E70D}.DebugSnk|Mixed Platforms.ActiveCfg = Debug|Any CPU
		{571A8DBF-3E0F-48BE-A718-9B9BA897E70D}.DebugSnk|Mixed Platforms.Build.0 = Debug|Any CPU
		{571A8DBF-3E0F-48BE-A718-9B9BA897E70D}.DebugSnk|x86.ActiveCfg = Debug|Any CPU
		{571A8DBF-3E0F-48BE-A718-9B9BA897E70D}.Release|Any CPU.ActiveCfg = Release|Any CPU
		{571A8DBF-3E0F-48BE-A718-9B9BA897E70D}.Release|Any CPU.Build.0 = Release|Any CPU
		{571A8DBF-3E0F-48BE-A718-9B9BA897E70D}.Release|Mixed Platforms.ActiveCfg = Release|Any CPU
		{571A8DBF-3E0F-48BE-A718-9B9BA897E70D}.Release|Mixed Platforms.Build.0 = Release|Any CPU
		{571A8DBF-3E0F-48BE-A718-9B9BA897E70D}.Release|x86.ActiveCfg = Release|Any CPU
		{571A8DBF-3E0F-48BE-A718-9B9BA897E70D}.ReleaseSnk|Any CPU.ActiveCfg = Release|Any CPU
		{571A8DBF-3E0F-48BE-A718-9B9BA897E70D}.ReleaseSnk|Any CPU.Build.0 = Release|Any CPU
		{571A8DBF-3E0F-48BE-A718-9B9BA897E70D}.ReleaseSnk|Mixed Platforms.ActiveCfg = Release|Any CPU
		{571A8DBF-3E0F-48BE-A718-9B9BA897E70D}.ReleaseSnk|Mixed Platforms.Build.0 = Release|Any CPU
		{571A8DBF-3E0F-48BE-A718-9B9BA897E70D}.ReleaseSnk|x86.ActiveCfg = Release|Any CPU
		{F8AA0DF5-6A0A-402E-AE4D-78F898F58000}.Debug|Any CPU.ActiveCfg = Debug|Any CPU
		{F8AA0DF5-6A0A-402E-AE4D-78F898F58000}.Debug|Any CPU.Build.0 = Debug|Any CPU
		{F8AA0DF5-6A0A-402E-AE4D-78F898F58000}.Debug|Mixed Platforms.ActiveCfg = Debug|Any CPU
		{F8AA0DF5-6A0A-402E-AE4D-78F898F58000}.Debug|Mixed Platforms.Build.0 = Debug|Any CPU
		{F8AA0DF5-6A0A-402E-AE4D-78F898F58000}.Debug|x86.ActiveCfg = Debug|x86
		{F8AA0DF5-6A0A-402E-AE4D-78F898F58000}.Debug|x86.Build.0 = Debug|x86
		{F8AA0DF5-6A0A-402E-AE4D-78F898F58000}.DebugSnk|Any CPU.ActiveCfg = Debug|Any CPU
		{F8AA0DF5-6A0A-402E-AE4D-78F898F58000}.DebugSnk|Any CPU.Build.0 = Debug|Any CPU
		{F8AA0DF5-6A0A-402E-AE4D-78F898F58000}.DebugSnk|Mixed Platforms.ActiveCfg = Debug|x86
		{F8AA0DF5-6A0A-402E-AE4D-78F898F58000}.DebugSnk|Mixed Platforms.Build.0 = Debug|x86
		{F8AA0DF5-6A0A-402E-AE4D-78F898F58000}.DebugSnk|x86.ActiveCfg = Debug|x86
		{F8AA0DF5-6A0A-402E-AE4D-78F898F58000}.DebugSnk|x86.Build.0 = Debug|x86
		{F8AA0DF5-6A0A-402E-AE4D-78F898F58000}.Release|Any CPU.ActiveCfg = Release|Any CPU
		{F8AA0DF5-6A0A-402E-AE4D-78F898F58000}.Release|Any CPU.Build.0 = Release|Any CPU
		{F8AA0DF5-6A0A-402E-AE4D-78F898F58000}.Release|Mixed Platforms.ActiveCfg = Release|x86
		{F8AA0DF5-6A0A-402E-AE4D-78F898F58000}.Release|Mixed Platforms.Build.0 = Release|x86
		{F8AA0DF5-6A0A-402E-AE4D-78F898F58000}.Release|x86.ActiveCfg = Release|x86
		{F8AA0DF5-6A0A-402E-AE4D-78F898F58000}.Release|x86.Build.0 = Release|x86
		{F8AA0DF5-6A0A-402E-AE4D-78F898F58000}.ReleaseSnk|Any CPU.ActiveCfg = Release|Any CPU
		{F8AA0DF5-6A0A-402E-AE4D-78F898F58000}.ReleaseSnk|Any CPU.Build.0 = Release|Any CPU
		{F8AA0DF5-6A0A-402E-AE4D-78F898F58000}.ReleaseSnk|Mixed Platforms.ActiveCfg = Release|x86
		{F8AA0DF5-6A0A-402E-AE4D-78F898F58000}.ReleaseSnk|Mixed Platforms.Build.0 = Release|x86
		{F8AA0DF5-6A0A-402E-AE4D-78F898F58000}.ReleaseSnk|x86.ActiveCfg = Release|x86
		{F8AA0DF5-6A0A-402E-AE4D-78F898F58000}.ReleaseSnk|x86.Build.0 = Release|x86
		{681AB952-02A5-4AA3-B9F5-F18825F001BF}.Debug|Any CPU.ActiveCfg = Debug|Any CPU
		{681AB952-02A5-4AA3-B9F5-F18825F001BF}.Debug|Any CPU.Build.0 = Debug|Any CPU
		{681AB952-02A5-4AA3-B9F5-F18825F001BF}.Debug|Mixed Platforms.ActiveCfg = Debug|Any CPU
		{681AB952-02A5-4AA3-B9F5-F18825F001BF}.Debug|Mixed Platforms.Build.0 = Debug|Any CPU
		{681AB952-02A5-4AA3-B9F5-F18825F001BF}.Debug|x86.ActiveCfg = Debug|Any CPU
		{681AB952-02A5-4AA3-B9F5-F18825F001BF}.DebugSnk|Any CPU.ActiveCfg = Debug|Any CPU
		{681AB952-02A5-4AA3-B9F5-F18825F001BF}.DebugSnk|Any CPU.Build.0 = Debug|Any CPU
		{681AB952-02A5-4AA3-B9F5-F18825F001BF}.DebugSnk|Mixed Platforms.ActiveCfg = Debug|Any CPU
		{681AB952-02A5-4AA3-B9F5-F18825F001BF}.DebugSnk|Mixed Platforms.Build.0 = Debug|Any CPU
		{681AB952-02A5-4AA3-B9F5-F18825F001BF}.DebugSnk|x86.ActiveCfg = Debug|Any CPU
		{681AB952-02A5-4AA3-B9F5-F18825F001BF}.Release|Any CPU.ActiveCfg = Release|Any CPU
		{681AB952-02A5-4AA3-B9F5-F18825F001BF}.Release|Any CPU.Build.0 = Release|Any CPU
		{681AB952-02A5-4AA3-B9F5-F18825F001BF}.Release|Mixed Platforms.ActiveCfg = Release|Any CPU
		{681AB952-02A5-4AA3-B9F5-F18825F001BF}.Release|Mixed Platforms.Build.0 = Release|Any CPU
		{681AB952-02A5-4AA3-B9F5-F18825F001BF}.Release|x86.ActiveCfg = Release|Any CPU
		{681AB952-02A5-4AA3-B9F5-F18825F001BF}.ReleaseSnk|Any CPU.ActiveCfg = Release|Any CPU
		{681AB952-02A5-4AA3-B9F5-F18825F001BF}.ReleaseSnk|Any CPU.Build.0 = Release|Any CPU
		{681AB952-02A5-4AA3-B9F5-F18825F001BF}.ReleaseSnk|Mixed Platforms.ActiveCfg = Release|Any CPU
		{681AB952-02A5-4AA3-B9F5-F18825F001BF}.ReleaseSnk|Mixed Platforms.Build.0 = Release|Any CPU
		{681AB952-02A5-4AA3-B9F5-F18825F001BF}.ReleaseSnk|x86.ActiveCfg = Release|Any CPU
		{D70489CD-ABDA-48FF-BD1E-BE3F7495BE71}.Debug|Any CPU.ActiveCfg = Debug|Any CPU
		{D70489CD-ABDA-48FF-BD1E-BE3F7495BE71}.Debug|Any CPU.Build.0 = Debug|Any CPU
		{D70489CD-ABDA-48FF-BD1E-BE3F7495BE71}.Debug|Mixed Platforms.ActiveCfg = Debug|Any CPU
		{D70489CD-ABDA-48FF-BD1E-BE3F7495BE71}.Debug|Mixed Platforms.Build.0 = Debug|Any CPU
		{D70489CD-ABDA-48FF-BD1E-BE3F7495BE71}.Debug|x86.ActiveCfg = Debug|Any CPU
		{D70489CD-ABDA-48FF-BD1E-BE3F7495BE71}.DebugSnk|Any CPU.ActiveCfg = DebugSnk|Any CPU
		{D70489CD-ABDA-48FF-BD1E-BE3F7495BE71}.DebugSnk|Any CPU.Build.0 = DebugSnk|Any CPU
		{D70489CD-ABDA-48FF-BD1E-BE3F7495BE71}.DebugSnk|Mixed Platforms.ActiveCfg = DebugSnk|Any CPU
		{D70489CD-ABDA-48FF-BD1E-BE3F7495BE71}.DebugSnk|Mixed Platforms.Build.0 = DebugSnk|Any CPU
		{D70489CD-ABDA-48FF-BD1E-BE3F7495BE71}.DebugSnk|x86.ActiveCfg = DebugSnk|Any CPU
		{D70489CD-ABDA-48FF-BD1E-BE3F7495BE71}.Release|Any CPU.ActiveCfg = Release|Any CPU
		{D70489CD-ABDA-48FF-BD1E-BE3F7495BE71}.Release|Any CPU.Build.0 = Release|Any CPU
		{D70489CD-ABDA-48FF-BD1E-BE3F7495BE71}.Release|Mixed Platforms.ActiveCfg = Release|Any CPU
		{D70489CD-ABDA-48FF-BD1E-BE3F7495BE71}.Release|Mixed Platforms.Build.0 = Release|Any CPU
		{D70489CD-ABDA-48FF-BD1E-BE3F7495BE71}.Release|x86.ActiveCfg = Release|Any CPU
		{D70489CD-ABDA-48FF-BD1E-BE3F7495BE71}.ReleaseSnk|Any CPU.ActiveCfg = ReleaseSnk|Any CPU
		{D70489CD-ABDA-48FF-BD1E-BE3F7495BE71}.ReleaseSnk|Any CPU.Build.0 = ReleaseSnk|Any CPU
		{D70489CD-ABDA-48FF-BD1E-BE3F7495BE71}.ReleaseSnk|Mixed Platforms.ActiveCfg = ReleaseSnk|Any CPU
		{D70489CD-ABDA-48FF-BD1E-BE3F7495BE71}.ReleaseSnk|Mixed Platforms.Build.0 = ReleaseSnk|Any CPU
		{D70489CD-ABDA-48FF-BD1E-BE3F7495BE71}.ReleaseSnk|x86.ActiveCfg = ReleaseSnk|Any CPU
		{E9DF5ED1-4CBD-4226-B931-9A51610AC14D}.Debug|Any CPU.ActiveCfg = Debug|Any CPU
		{E9DF5ED1-4CBD-4226-B931-9A51610AC14D}.Debug|Any CPU.Build.0 = Debug|Any CPU
		{E9DF5ED1-4CBD-4226-B931-9A51610AC14D}.Debug|Mixed Platforms.ActiveCfg = Debug|Any CPU
		{E9DF5ED1-4CBD-4226-B931-9A51610AC14D}.Debug|Mixed Platforms.Build.0 = Debug|Any CPU
		{E9DF5ED1-4CBD-4226-B931-9A51610AC14D}.Debug|x86.ActiveCfg = Debug|Any CPU
		{E9DF5ED1-4CBD-4226-B931-9A51610AC14D}.DebugSnk|Any CPU.ActiveCfg = Debug|Any CPU
		{E9DF5ED1-4CBD-4226-B931-9A51610AC14D}.DebugSnk|Any CPU.Build.0 = Debug|Any CPU
		{E9DF5ED1-4CBD-4226-B931-9A51610AC14D}.DebugSnk|Mixed Platforms.ActiveCfg = Debug|Any CPU
		{E9DF5ED1-4CBD-4226-B931-9A51610AC14D}.DebugSnk|Mixed Platforms.Build.0 = Debug|Any CPU
		{E9DF5ED1-4CBD-4226-B931-9A51610AC14D}.DebugSnk|x86.ActiveCfg = Debug|Any CPU
		{E9DF5ED1-4CBD-4226-B931-9A51610AC14D}.Release|Any CPU.ActiveCfg = Release|Any CPU
		{E9DF5ED1-4CBD-4226-B931-9A51610AC14D}.Release|Any CPU.Build.0 = Release|Any CPU
		{E9DF5ED1-4CBD-4226-B931-9A51610AC14D}.Release|Mixed Platforms.ActiveCfg = Release|Any CPU
		{E9DF5ED1-4CBD-4226-B931-9A51610AC14D}.Release|Mixed Platforms.Build.0 = Release|Any CPU
		{E9DF5ED1-4CBD-4226-B931-9A51610AC14D}.Release|x86.ActiveCfg = Release|Any CPU
		{E9DF5ED1-4CBD-4226-B931-9A51610AC14D}.ReleaseSnk|Any CPU.ActiveCfg = Release|Any CPU
		{E9DF5ED1-4CBD-4226-B931-9A51610AC14D}.ReleaseSnk|Any CPU.Build.0 = Release|Any CPU
		{E9DF5ED1-4CBD-4226-B931-9A51610AC14D}.ReleaseSnk|Mixed Platforms.ActiveCfg = Release|Any CPU
		{E9DF5ED1-4CBD-4226-B931-9A51610AC14D}.ReleaseSnk|Mixed Platforms.Build.0 = Release|Any CPU
		{E9DF5ED1-4CBD-4226-B931-9A51610AC14D}.ReleaseSnk|x86.ActiveCfg = Release|Any CPU
		{CDD5366B-5733-4C04-8D71-C94368A11A60}.Debug|Any CPU.ActiveCfg = Debug|Any CPU
		{CDD5366B-5733-4C04-8D71-C94368A11A60}.Debug|Any CPU.Build.0 = Debug|Any CPU
		{CDD5366B-5733-4C04-8D71-C94368A11A60}.Debug|Mixed Platforms.ActiveCfg = Debug|Any CPU
		{CDD5366B-5733-4C04-8D71-C94368A11A60}.Debug|Mixed Platforms.Build.0 = Debug|Any CPU
		{CDD5366B-5733-4C04-8D71-C94368A11A60}.Debug|x86.ActiveCfg = Debug|Any CPU
		{CDD5366B-5733-4C04-8D71-C94368A11A60}.DebugSnk|Any CPU.ActiveCfg = Debug|Any CPU
		{CDD5366B-5733-4C04-8D71-C94368A11A60}.DebugSnk|Any CPU.Build.0 = Debug|Any CPU
		{CDD5366B-5733-4C04-8D71-C94368A11A60}.DebugSnk|Mixed Platforms.ActiveCfg = Debug|Any CPU
		{CDD5366B-5733-4C04-8D71-C94368A11A60}.DebugSnk|Mixed Platforms.Build.0 = Debug|Any CPU
		{CDD5366B-5733-4C04-8D71-C94368A11A60}.DebugSnk|x86.ActiveCfg = Debug|Any CPU
		{CDD5366B-5733-4C04-8D71-C94368A11A60}.Release|Any CPU.ActiveCfg = Release|Any CPU
		{CDD5366B-5733-4C04-8D71-C94368A11A60}.Release|Any CPU.Build.0 = Release|Any CPU
		{CDD5366B-5733-4C04-8D71-C94368A11A60}.Release|Mixed Platforms.ActiveCfg = Release|Any CPU
		{CDD5366B-5733-4C04-8D71-C94368A11A60}.Release|Mixed Platforms.Build.0 = Release|Any CPU
		{CDD5366B-5733-4C04-8D71-C94368A11A60}.Release|x86.ActiveCfg = Release|Any CPU
		{CDD5366B-5733-4C04-8D71-C94368A11A60}.ReleaseSnk|Any CPU.ActiveCfg = Release|Any CPU
		{CDD5366B-5733-4C04-8D71-C94368A11A60}.ReleaseSnk|Any CPU.Build.0 = Release|Any CPU
		{CDD5366B-5733-4C04-8D71-C94368A11A60}.ReleaseSnk|Mixed Platforms.ActiveCfg = Release|Any CPU
		{CDD5366B-5733-4C04-8D71-C94368A11A60}.ReleaseSnk|Mixed Platforms.Build.0 = Release|Any CPU
		{CDD5366B-5733-4C04-8D71-C94368A11A60}.ReleaseSnk|x86.ActiveCfg = Release|Any CPU
		{4F2E6770-2611-441F-9934-8104C961AD10}.Debug|Any CPU.ActiveCfg = Debug|Any CPU
		{4F2E6770-2611-441F-9934-8104C961AD10}.Debug|Any CPU.Build.0 = Debug|Any CPU
		{4F2E6770-2611-441F-9934-8104C961AD10}.Debug|Mixed Platforms.ActiveCfg = Debug|Any CPU
		{4F2E6770-2611-441F-9934-8104C961AD10}.Debug|Mixed Platforms.Build.0 = Debug|Any CPU
		{4F2E6770-2611-441F-9934-8104C961AD10}.Debug|x86.ActiveCfg = Debug|Any CPU
		{4F2E6770-2611-441F-9934-8104C961AD10}.DebugSnk|Any CPU.ActiveCfg = Debug|Any CPU
		{4F2E6770-2611-441F-9934-8104C961AD10}.DebugSnk|Any CPU.Build.0 = Debug|Any CPU
		{4F2E6770-2611-441F-9934-8104C961AD10}.DebugSnk|Mixed Platforms.ActiveCfg = Debug|Any CPU
		{4F2E6770-2611-441F-9934-8104C961AD10}.DebugSnk|Mixed Platforms.Build.0 = Debug|Any CPU
		{4F2E6770-2611-441F-9934-8104C961AD10}.DebugSnk|x86.ActiveCfg = Debug|Any CPU
		{4F2E6770-2611-441F-9934-8104C961AD10}.Release|Any CPU.ActiveCfg = Release|Any CPU
		{4F2E6770-2611-441F-9934-8104C961AD10}.Release|Any CPU.Build.0 = Release|Any CPU
		{4F2E6770-2611-441F-9934-8104C961AD10}.Release|Mixed Platforms.ActiveCfg = Release|Any CPU
		{4F2E6770-2611-441F-9934-8104C961AD10}.Release|Mixed Platforms.Build.0 = Release|Any CPU
		{4F2E6770-2611-441F-9934-8104C961AD10}.Release|x86.ActiveCfg = Release|Any CPU
		{4F2E6770-2611-441F-9934-8104C961AD10}.ReleaseSnk|Any CPU.ActiveCfg = Release|Any CPU
		{4F2E6770-2611-441F-9934-8104C961AD10}.ReleaseSnk|Any CPU.Build.0 = Release|Any CPU
		{4F2E6770-2611-441F-9934-8104C961AD10}.ReleaseSnk|Mixed Platforms.ActiveCfg = Release|Any CPU
		{4F2E6770-2611-441F-9934-8104C961AD10}.ReleaseSnk|Mixed Platforms.Build.0 = Release|Any CPU
		{4F2E6770-2611-441F-9934-8104C961AD10}.ReleaseSnk|x86.ActiveCfg = Release|Any CPU
		{111969DF-1303-4D39-A8BE-3F852E28F89C}.Debug|Any CPU.ActiveCfg = Debug|Any CPU
		{111969DF-1303-4D39-A8BE-3F852E28F89C}.Debug|Any CPU.Build.0 = Debug|Any CPU
		{111969DF-1303-4D39-A8BE-3F852E28F89C}.Debug|Mixed Platforms.ActiveCfg = Debug|Any CPU
		{111969DF-1303-4D39-A8BE-3F852E28F89C}.Debug|Mixed Platforms.Build.0 = Debug|Any CPU
		{111969DF-1303-4D39-A8BE-3F852E28F89C}.Debug|x86.ActiveCfg = Debug|Any CPU
		{111969DF-1303-4D39-A8BE-3F852E28F89C}.DebugSnk|Any CPU.ActiveCfg = Debug|Any CPU
		{111969DF-1303-4D39-A8BE-3F852E28F89C}.DebugSnk|Any CPU.Build.0 = Debug|Any CPU
		{111969DF-1303-4D39-A8BE-3F852E28F89C}.DebugSnk|Mixed Platforms.ActiveCfg = Debug|Any CPU
		{111969DF-1303-4D39-A8BE-3F852E28F89C}.DebugSnk|Mixed Platforms.Build.0 = Debug|Any CPU
		{111969DF-1303-4D39-A8BE-3F852E28F89C}.DebugSnk|x86.ActiveCfg = Debug|Any CPU
		{111969DF-1303-4D39-A8BE-3F852E28F89C}.Release|Any CPU.ActiveCfg = Release|Any CPU
		{111969DF-1303-4D39-A8BE-3F852E28F89C}.Release|Any CPU.Build.0 = Release|Any CPU
		{111969DF-1303-4D39-A8BE-3F852E28F89C}.Release|Mixed Platforms.ActiveCfg = Release|Any CPU
		{111969DF-1303-4D39-A8BE-3F852E28F89C}.Release|Mixed Platforms.Build.0 = Release|Any CPU
		{111969DF-1303-4D39-A8BE-3F852E28F89C}.Release|x86.ActiveCfg = Release|Any CPU
		{111969DF-1303-4D39-A8BE-3F852E28F89C}.ReleaseSnk|Any CPU.ActiveCfg = Release|Any CPU
		{111969DF-1303-4D39-A8BE-3F852E28F89C}.ReleaseSnk|Any CPU.Build.0 = Release|Any CPU
		{111969DF-1303-4D39-A8BE-3F852E28F89C}.ReleaseSnk|Mixed Platforms.ActiveCfg = Release|Any CPU
		{111969DF-1303-4D39-A8BE-3F852E28F89C}.ReleaseSnk|Mixed Platforms.Build.0 = Release|Any CPU
		{111969DF-1303-4D39-A8BE-3F852E28F89C}.ReleaseSnk|x86.ActiveCfg = Release|Any CPU
		{F9BC0162-6465-42BB-A683-33256BA15BD5}.Debug|Any CPU.ActiveCfg = Debug|Any CPU
		{F9BC0162-6465-42BB-A683-33256BA15BD5}.Debug|Any CPU.Build.0 = Debug|Any CPU
		{F9BC0162-6465-42BB-A683-33256BA15BD5}.Debug|Mixed Platforms.ActiveCfg = Debug|Any CPU
		{F9BC0162-6465-42BB-A683-33256BA15BD5}.Debug|Mixed Platforms.Build.0 = Debug|Any CPU
		{F9BC0162-6465-42BB-A683-33256BA15BD5}.Debug|x86.ActiveCfg = Debug|Any CPU
		{F9BC0162-6465-42BB-A683-33256BA15BD5}.DebugSnk|Any CPU.ActiveCfg = Debug|Any CPU
		{F9BC0162-6465-42BB-A683-33256BA15BD5}.DebugSnk|Any CPU.Build.0 = Debug|Any CPU
		{F9BC0162-6465-42BB-A683-33256BA15BD5}.DebugSnk|Mixed Platforms.ActiveCfg = Debug|Any CPU
		{F9BC0162-6465-42BB-A683-33256BA15BD5}.DebugSnk|Mixed Platforms.Build.0 = Debug|Any CPU
		{F9BC0162-6465-42BB-A683-33256BA15BD5}.DebugSnk|x86.ActiveCfg = Debug|Any CPU
		{F9BC0162-6465-42BB-A683-33256BA15BD5}.Release|Any CPU.ActiveCfg = Release|Any CPU
		{F9BC0162-6465-42BB-A683-33256BA15BD5}.Release|Any CPU.Build.0 = Release|Any CPU
		{F9BC0162-6465-42BB-A683-33256BA15BD5}.Release|Mixed Platforms.ActiveCfg = Release|Any CPU
		{F9BC0162-6465-42BB-A683-33256BA15BD5}.Release|Mixed Platforms.Build.0 = Release|Any CPU
		{F9BC0162-6465-42BB-A683-33256BA15BD5}.Release|x86.ActiveCfg = Release|Any CPU
		{F9BC0162-6465-42BB-A683-33256BA15BD5}.ReleaseSnk|Any CPU.ActiveCfg = Release|Any CPU
		{F9BC0162-6465-42BB-A683-33256BA15BD5}.ReleaseSnk|Any CPU.Build.0 = Release|Any CPU
		{F9BC0162-6465-42BB-A683-33256BA15BD5}.ReleaseSnk|Mixed Platforms.ActiveCfg = Release|Any CPU
		{F9BC0162-6465-42BB-A683-33256BA15BD5}.ReleaseSnk|Mixed Platforms.Build.0 = Release|Any CPU
		{F9BC0162-6465-42BB-A683-33256BA15BD5}.ReleaseSnk|x86.ActiveCfg = Release|Any CPU
		{74E37640-C191-4FC3-A41A-17CEED4B9847}.Debug|Any CPU.ActiveCfg = Debug|Any CPU
		{74E37640-C191-4FC3-A41A-17CEED4B9847}.Debug|Any CPU.Build.0 = Debug|Any CPU
		{74E37640-C191-4FC3-A41A-17CEED4B9847}.Debug|Mixed Platforms.ActiveCfg = Debug|Any CPU
		{74E37640-C191-4FC3-A41A-17CEED4B9847}.Debug|Mixed Platforms.Build.0 = Debug|Any CPU
		{74E37640-C191-4FC3-A41A-17CEED4B9847}.Debug|x86.ActiveCfg = Debug|Any CPU
		{74E37640-C191-4FC3-A41A-17CEED4B9847}.DebugSnk|Any CPU.ActiveCfg = Debug|Any CPU
		{74E37640-C191-4FC3-A41A-17CEED4B9847}.DebugSnk|Any CPU.Build.0 = Debug|Any CPU
		{74E37640-C191-4FC3-A41A-17CEED4B9847}.DebugSnk|Mixed Platforms.ActiveCfg = Debug|Any CPU
		{74E37640-C191-4FC3-A41A-17CEED4B9847}.DebugSnk|Mixed Platforms.Build.0 = Debug|Any CPU
		{74E37640-C191-4FC3-A41A-17CEED4B9847}.DebugSnk|x86.ActiveCfg = Debug|Any CPU
		{74E37640-C191-4FC3-A41A-17CEED4B9847}.Release|Any CPU.ActiveCfg = Release|Any CPU
		{74E37640-C191-4FC3-A41A-17CEED4B9847}.Release|Any CPU.Build.0 = Release|Any CPU
		{74E37640-C191-4FC3-A41A-17CEED4B9847}.Release|Mixed Platforms.ActiveCfg = Release|Any CPU
		{74E37640-C191-4FC3-A41A-17CEED4B9847}.Release|Mixed Platforms.Build.0 = Release|Any CPU
		{74E37640-C191-4FC3-A41A-17CEED4B9847}.Release|x86.ActiveCfg = Release|Any CPU
		{74E37640-C191-4FC3-A41A-17CEED4B9847}.ReleaseSnk|Any CPU.ActiveCfg = Release|Any CPU
		{74E37640-C191-4FC3-A41A-17CEED4B9847}.ReleaseSnk|Any CPU.Build.0 = Release|Any CPU
		{74E37640-C191-4FC3-A41A-17CEED4B9847}.ReleaseSnk|Mixed Platforms.ActiveCfg = Release|Any CPU
		{74E37640-C191-4FC3-A41A-17CEED4B9847}.ReleaseSnk|Mixed Platforms.Build.0 = Release|Any CPU
		{74E37640-C191-4FC3-A41A-17CEED4B9847}.ReleaseSnk|x86.ActiveCfg = Release|Any CPU
		{975E634F-95ED-4608-8939-8AAEC48FB3E6}.Debug|Any CPU.ActiveCfg = Debug|Any CPU
		{975E634F-95ED-4608-8939-8AAEC48FB3E6}.Debug|Any CPU.Build.0 = Debug|Any CPU
		{975E634F-95ED-4608-8939-8AAEC48FB3E6}.Debug|Mixed Platforms.ActiveCfg = Debug|Any CPU
		{975E634F-95ED-4608-8939-8AAEC48FB3E6}.Debug|Mixed Platforms.Build.0 = Debug|Any CPU
		{975E634F-95ED-4608-8939-8AAEC48FB3E6}.Debug|x86.ActiveCfg = Debug|Any CPU
		{975E634F-95ED-4608-8939-8AAEC48FB3E6}.DebugSnk|Any CPU.ActiveCfg = Debug|Any CPU
		{975E634F-95ED-4608-8939-8AAEC48FB3E6}.DebugSnk|Any CPU.Build.0 = Debug|Any CPU
		{975E634F-95ED-4608-8939-8AAEC48FB3E6}.DebugSnk|Mixed Platforms.ActiveCfg = Debug|Any CPU
		{975E634F-95ED-4608-8939-8AAEC48FB3E6}.DebugSnk|Mixed Platforms.Build.0 = Debug|Any CPU
		{975E634F-95ED-4608-8939-8AAEC48FB3E6}.DebugSnk|x86.ActiveCfg = Debug|Any CPU
		{975E634F-95ED-4608-8939-8AAEC48FB3E6}.Release|Any CPU.ActiveCfg = Release|Any CPU
		{975E634F-95ED-4608-8939-8AAEC48FB3E6}.Release|Any CPU.Build.0 = Release|Any CPU
		{975E634F-95ED-4608-8939-8AAEC48FB3E6}.Release|Mixed Platforms.ActiveCfg = Release|Any CPU
		{975E634F-95ED-4608-8939-8AAEC48FB3E6}.Release|Mixed Platforms.Build.0 = Release|Any CPU
		{975E634F-95ED-4608-8939-8AAEC48FB3E6}.Release|x86.ActiveCfg = Release|Any CPU
		{975E634F-95ED-4608-8939-8AAEC48FB3E6}.ReleaseSnk|Any CPU.ActiveCfg = Release|Any CPU
		{975E634F-95ED-4608-8939-8AAEC48FB3E6}.ReleaseSnk|Any CPU.Build.0 = Release|Any CPU
		{975E634F-95ED-4608-8939-8AAEC48FB3E6}.ReleaseSnk|Mixed Platforms.ActiveCfg = Release|Any CPU
		{975E634F-95ED-4608-8939-8AAEC48FB3E6}.ReleaseSnk|Mixed Platforms.Build.0 = Release|Any CPU
		{975E634F-95ED-4608-8939-8AAEC48FB3E6}.ReleaseSnk|x86.ActiveCfg = Release|Any CPU
		{BBBEB380-A6AC-4F0D-9FF5-0BC7C0466457}.Debug|Any CPU.ActiveCfg = Debug|Any CPU
		{BBBEB380-A6AC-4F0D-9FF5-0BC7C0466457}.Debug|Any CPU.Build.0 = Debug|Any CPU
		{BBBEB380-A6AC-4F0D-9FF5-0BC7C0466457}.Debug|Mixed Platforms.ActiveCfg = Debug|Any CPU
		{BBBEB380-A6AC-4F0D-9FF5-0BC7C0466457}.Debug|Mixed Platforms.Build.0 = Debug|Any CPU
		{BBBEB380-A6AC-4F0D-9FF5-0BC7C0466457}.Debug|x86.ActiveCfg = Debug|Any CPU
		{BBBEB380-A6AC-4F0D-9FF5-0BC7C0466457}.DebugSnk|Any CPU.ActiveCfg = Debug|Any CPU
		{BBBEB380-A6AC-4F0D-9FF5-0BC7C0466457}.DebugSnk|Any CPU.Build.0 = Debug|Any CPU
		{BBBEB380-A6AC-4F0D-9FF5-0BC7C0466457}.DebugSnk|Mixed Platforms.ActiveCfg = Debug|Any CPU
		{BBBEB380-A6AC-4F0D-9FF5-0BC7C0466457}.DebugSnk|Mixed Platforms.Build.0 = Debug|Any CPU
		{BBBEB380-A6AC-4F0D-9FF5-0BC7C0466457}.DebugSnk|x86.ActiveCfg = Debug|Any CPU
		{BBBEB380-A6AC-4F0D-9FF5-0BC7C0466457}.Release|Any CPU.ActiveCfg = Release|Any CPU
		{BBBEB380-A6AC-4F0D-9FF5-0BC7C0466457}.Release|Any CPU.Build.0 = Release|Any CPU
		{BBBEB380-A6AC-4F0D-9FF5-0BC7C0466457}.Release|Mixed Platforms.ActiveCfg = Release|Any CPU
		{BBBEB380-A6AC-4F0D-9FF5-0BC7C0466457}.Release|Mixed Platforms.Build.0 = Release|Any CPU
		{BBBEB380-A6AC-4F0D-9FF5-0BC7C0466457}.Release|x86.ActiveCfg = Release|Any CPU
		{BBBEB380-A6AC-4F0D-9FF5-0BC7C0466457}.ReleaseSnk|Any CPU.ActiveCfg = Release|Any CPU
		{BBBEB380-A6AC-4F0D-9FF5-0BC7C0466457}.ReleaseSnk|Any CPU.Build.0 = Release|Any CPU
		{BBBEB380-A6AC-4F0D-9FF5-0BC7C0466457}.ReleaseSnk|Mixed Platforms.ActiveCfg = Release|Any CPU
		{BBBEB380-A6AC-4F0D-9FF5-0BC7C0466457}.ReleaseSnk|Mixed Platforms.Build.0 = Release|Any CPU
		{BBBEB380-A6AC-4F0D-9FF5-0BC7C0466457}.ReleaseSnk|x86.ActiveCfg = Release|Any CPU
		{0BF81FBD-4563-4DAB-BC43-2D7C22E07C03}.Debug|Any CPU.ActiveCfg = Debug|Any CPU
		{0BF81FBD-4563-4DAB-BC43-2D7C22E07C03}.Debug|Any CPU.Build.0 = Debug|Any CPU
		{0BF81FBD-4563-4DAB-BC43-2D7C22E07C03}.Debug|Mixed Platforms.ActiveCfg = Debug|Any CPU
		{0BF81FBD-4563-4DAB-BC43-2D7C22E07C03}.Debug|Mixed Platforms.Build.0 = Debug|Any CPU
		{0BF81FBD-4563-4DAB-BC43-2D7C22E07C03}.Debug|x86.ActiveCfg = Debug|Any CPU
		{0BF81FBD-4563-4DAB-BC43-2D7C22E07C03}.DebugSnk|Any CPU.ActiveCfg = Debug|Any CPU
		{0BF81FBD-4563-4DAB-BC43-2D7C22E07C03}.DebugSnk|Any CPU.Build.0 = Debug|Any CPU
		{0BF81FBD-4563-4DAB-BC43-2D7C22E07C03}.DebugSnk|Mixed Platforms.ActiveCfg = Debug|Any CPU
		{0BF81FBD-4563-4DAB-BC43-2D7C22E07C03}.DebugSnk|Mixed Platforms.Build.0 = Debug|Any CPU
		{0BF81FBD-4563-4DAB-BC43-2D7C22E07C03}.DebugSnk|x86.ActiveCfg = Debug|Any CPU
		{0BF81FBD-4563-4DAB-BC43-2D7C22E07C03}.Release|Any CPU.ActiveCfg = Release|Any CPU
		{0BF81FBD-4563-4DAB-BC43-2D7C22E07C03}.Release|Any CPU.Build.0 = Release|Any CPU
		{0BF81FBD-4563-4DAB-BC43-2D7C22E07C03}.Release|Mixed Platforms.ActiveCfg = Release|Any CPU
		{0BF81FBD-4563-4DAB-BC43-2D7C22E07C03}.Release|Mixed Platforms.Build.0 = Release|Any CPU
		{0BF81FBD-4563-4DAB-BC43-2D7C22E07C03}.Release|x86.ActiveCfg = Release|Any CPU
		{0BF81FBD-4563-4DAB-BC43-2D7C22E07C03}.ReleaseSnk|Any CPU.ActiveCfg = Release|Any CPU
		{0BF81FBD-4563-4DAB-BC43-2D7C22E07C03}.ReleaseSnk|Any CPU.Build.0 = Release|Any CPU
		{0BF81FBD-4563-4DAB-BC43-2D7C22E07C03}.ReleaseSnk|Mixed Platforms.ActiveCfg = Release|Any CPU
		{0BF81FBD-4563-4DAB-BC43-2D7C22E07C03}.ReleaseSnk|Mixed Platforms.Build.0 = Release|Any CPU
		{0BF81FBD-4563-4DAB-BC43-2D7C22E07C03}.ReleaseSnk|x86.ActiveCfg = Release|Any CPU
		{18C5128D-8044-4D20-8C06-C452D5332321}.Debug|Any CPU.ActiveCfg = Debug|Any CPU
		{18C5128D-8044-4D20-8C06-C452D5332321}.Debug|Any CPU.Build.0 = Debug|Any CPU
		{18C5128D-8044-4D20-8C06-C452D5332321}.Debug|Mixed Platforms.ActiveCfg = Debug|Any CPU
		{18C5128D-8044-4D20-8C06-C452D5332321}.Debug|Mixed Platforms.Build.0 = Debug|Any CPU
		{18C5128D-8044-4D20-8C06-C452D5332321}.Debug|x86.ActiveCfg = Debug|Any CPU
		{18C5128D-8044-4D20-8C06-C452D5332321}.DebugSnk|Any CPU.ActiveCfg = Debug|Any CPU
		{18C5128D-8044-4D20-8C06-C452D5332321}.DebugSnk|Any CPU.Build.0 = Debug|Any CPU
		{18C5128D-8044-4D20-8C06-C452D5332321}.DebugSnk|Mixed Platforms.ActiveCfg = Debug|Any CPU
		{18C5128D-8044-4D20-8C06-C452D5332321}.DebugSnk|Mixed Platforms.Build.0 = Debug|Any CPU
		{18C5128D-8044-4D20-8C06-C452D5332321}.DebugSnk|x86.ActiveCfg = Debug|Any CPU
		{18C5128D-8044-4D20-8C06-C452D5332321}.Release|Any CPU.ActiveCfg = Release|Any CPU
		{18C5128D-8044-4D20-8C06-C452D5332321}.Release|Any CPU.Build.0 = Release|Any CPU
		{18C5128D-8044-4D20-8C06-C452D5332321}.Release|Mixed Platforms.ActiveCfg = Release|Any CPU
		{18C5128D-8044-4D20-8C06-C452D5332321}.Release|Mixed Platforms.Build.0 = Release|Any CPU
		{18C5128D-8044-4D20-8C06-C452D5332321}.Release|x86.ActiveCfg = Release|Any CPU
		{18C5128D-8044-4D20-8C06-C452D5332321}.ReleaseSnk|Any CPU.ActiveCfg = Release|Any CPU
		{18C5128D-8044-4D20-8C06-C452D5332321}.ReleaseSnk|Any CPU.Build.0 = Release|Any CPU
		{18C5128D-8044-4D20-8C06-C452D5332321}.ReleaseSnk|Mixed Platforms.ActiveCfg = Release|Any CPU
		{18C5128D-8044-4D20-8C06-C452D5332321}.ReleaseSnk|Mixed Platforms.Build.0 = Release|Any CPU
		{18C5128D-8044-4D20-8C06-C452D5332321}.ReleaseSnk|x86.ActiveCfg = Release|Any CPU
		{B3E513BB-9A15-4FC8-BA95-E584603A9B89}.Debug|Any CPU.ActiveCfg = Debug|Any CPU
		{B3E513BB-9A15-4FC8-BA95-E584603A9B89}.Debug|Any CPU.Build.0 = Debug|Any CPU
		{B3E513BB-9A15-4FC8-BA95-E584603A9B89}.Debug|Mixed Platforms.ActiveCfg = Debug|Any CPU
		{B3E513BB-9A15-4FC8-BA95-E584603A9B89}.Debug|Mixed Platforms.Build.0 = Debug|Any CPU
		{B3E513BB-9A15-4FC8-BA95-E584603A9B89}.Debug|x86.ActiveCfg = Debug|Any CPU
		{B3E513BB-9A15-4FC8-BA95-E584603A9B89}.DebugSnk|Any CPU.ActiveCfg = Debug|Any CPU
		{B3E513BB-9A15-4FC8-BA95-E584603A9B89}.DebugSnk|Any CPU.Build.0 = Debug|Any CPU
		{B3E513BB-9A15-4FC8-BA95-E584603A9B89}.DebugSnk|Mixed Platforms.ActiveCfg = Debug|Any CPU
		{B3E513BB-9A15-4FC8-BA95-E584603A9B89}.DebugSnk|Mixed Platforms.Build.0 = Debug|Any CPU
		{B3E513BB-9A15-4FC8-BA95-E584603A9B89}.DebugSnk|x86.ActiveCfg = Debug|Any CPU
		{B3E513BB-9A15-4FC8-BA95-E584603A9B89}.Release|Any CPU.ActiveCfg = Release|Any CPU
		{B3E513BB-9A15-4FC8-BA95-E584603A9B89}.Release|Any CPU.Build.0 = Release|Any CPU
		{B3E513BB-9A15-4FC8-BA95-E584603A9B89}.Release|Mixed Platforms.ActiveCfg = Release|Any CPU
		{B3E513BB-9A15-4FC8-BA95-E584603A9B89}.Release|Mixed Platforms.Build.0 = Release|Any CPU
		{B3E513BB-9A15-4FC8-BA95-E584603A9B89}.Release|x86.ActiveCfg = Release|Any CPU
		{B3E513BB-9A15-4FC8-BA95-E584603A9B89}.ReleaseSnk|Any CPU.ActiveCfg = Release|Any CPU
		{B3E513BB-9A15-4FC8-BA95-E584603A9B89}.ReleaseSnk|Any CPU.Build.0 = Release|Any CPU
		{B3E513BB-9A15-4FC8-BA95-E584603A9B89}.ReleaseSnk|Mixed Platforms.ActiveCfg = Release|Any CPU
		{B3E513BB-9A15-4FC8-BA95-E584603A9B89}.ReleaseSnk|Mixed Platforms.Build.0 = Release|Any CPU
		{B3E513BB-9A15-4FC8-BA95-E584603A9B89}.ReleaseSnk|x86.ActiveCfg = Release|Any CPU
		{B9A86DD6-0317-4043-8083-511F4EF8266F}.Debug|Any CPU.ActiveCfg = Debug|Any CPU
		{B9A86DD6-0317-4043-8083-511F4EF8266F}.Debug|Any CPU.Build.0 = Debug|Any CPU
		{B9A86DD6-0317-4043-8083-511F4EF8266F}.Debug|Mixed Platforms.ActiveCfg = Debug|Any CPU
		{B9A86DD6-0317-4043-8083-511F4EF8266F}.Debug|Mixed Platforms.Build.0 = Debug|Any CPU
		{B9A86DD6-0317-4043-8083-511F4EF8266F}.Debug|x86.ActiveCfg = Debug|Any CPU
		{B9A86DD6-0317-4043-8083-511F4EF8266F}.DebugSnk|Any CPU.ActiveCfg = Debug|Any CPU
		{B9A86DD6-0317-4043-8083-511F4EF8266F}.DebugSnk|Any CPU.Build.0 = Debug|Any CPU
		{B9A86DD6-0317-4043-8083-511F4EF8266F}.DebugSnk|Mixed Platforms.ActiveCfg = Debug|Any CPU
		{B9A86DD6-0317-4043-8083-511F4EF8266F}.DebugSnk|Mixed Platforms.Build.0 = Debug|Any CPU
		{B9A86DD6-0317-4043-8083-511F4EF8266F}.DebugSnk|x86.ActiveCfg = Debug|Any CPU
		{B9A86DD6-0317-4043-8083-511F4EF8266F}.Release|Any CPU.ActiveCfg = Release|Any CPU
		{B9A86DD6-0317-4043-8083-511F4EF8266F}.Release|Any CPU.Build.0 = Release|Any CPU
		{B9A86DD6-0317-4043-8083-511F4EF8266F}.Release|Mixed Platforms.ActiveCfg = Release|Any CPU
		{B9A86DD6-0317-4043-8083-511F4EF8266F}.Release|Mixed Platforms.Build.0 = Release|Any CPU
		{B9A86DD6-0317-4043-8083-511F4EF8266F}.Release|x86.ActiveCfg = Release|Any CPU
		{B9A86DD6-0317-4043-8083-511F4EF8266F}.ReleaseSnk|Any CPU.ActiveCfg = Release|Any CPU
		{B9A86DD6-0317-4043-8083-511F4EF8266F}.ReleaseSnk|Any CPU.Build.0 = Release|Any CPU
		{B9A86DD6-0317-4043-8083-511F4EF8266F}.ReleaseSnk|Mixed Platforms.ActiveCfg = Release|Any CPU
		{B9A86DD6-0317-4043-8083-511F4EF8266F}.ReleaseSnk|Mixed Platforms.Build.0 = Release|Any CPU
		{B9A86DD6-0317-4043-8083-511F4EF8266F}.ReleaseSnk|x86.ActiveCfg = Release|Any CPU
		{BEDD30A5-D684-4B29-BFE9-97E1AA83FB9E}.Debug|Any CPU.ActiveCfg = Debug|Any CPU
		{BEDD30A5-D684-4B29-BFE9-97E1AA83FB9E}.Debug|Any CPU.Build.0 = Debug|Any CPU
		{BEDD30A5-D684-4B29-BFE9-97E1AA83FB9E}.Debug|Mixed Platforms.ActiveCfg = Debug|Any CPU
		{BEDD30A5-D684-4B29-BFE9-97E1AA83FB9E}.Debug|Mixed Platforms.Build.0 = Debug|Any CPU
		{BEDD30A5-D684-4B29-BFE9-97E1AA83FB9E}.Debug|x86.ActiveCfg = Debug|x86
		{BEDD30A5-D684-4B29-BFE9-97E1AA83FB9E}.Debug|x86.Build.0 = Debug|x86
		{BEDD30A5-D684-4B29-BFE9-97E1AA83FB9E}.DebugSnk|Any CPU.ActiveCfg = Debug|Any CPU
		{BEDD30A5-D684-4B29-BFE9-97E1AA83FB9E}.DebugSnk|Any CPU.Build.0 = Debug|Any CPU
		{BEDD30A5-D684-4B29-BFE9-97E1AA83FB9E}.DebugSnk|Mixed Platforms.ActiveCfg = Debug|Any CPU
		{BEDD30A5-D684-4B29-BFE9-97E1AA83FB9E}.DebugSnk|Mixed Platforms.Build.0 = Debug|Any CPU
		{BEDD30A5-D684-4B29-BFE9-97E1AA83FB9E}.DebugSnk|x86.ActiveCfg = Debug|Any CPU
		{BEDD30A5-D684-4B29-BFE9-97E1AA83FB9E}.Release|Any CPU.ActiveCfg = Release|Any CPU
		{BEDD30A5-D684-4B29-BFE9-97E1AA83FB9E}.Release|Any CPU.Build.0 = Release|Any CPU
		{BEDD30A5-D684-4B29-BFE9-97E1AA83FB9E}.Release|Mixed Platforms.ActiveCfg = Release|Any CPU
		{BEDD30A5-D684-4B29-BFE9-97E1AA83FB9E}.Release|Mixed Platforms.Build.0 = Release|Any CPU
		{BEDD30A5-D684-4B29-BFE9-97E1AA83FB9E}.Release|x86.ActiveCfg = Release|x86
		{BEDD30A5-D684-4B29-BFE9-97E1AA83FB9E}.Release|x86.Build.0 = Release|x86
		{BEDD30A5-D684-4B29-BFE9-97E1AA83FB9E}.ReleaseSnk|Any CPU.ActiveCfg = Release|Any CPU
		{BEDD30A5-D684-4B29-BFE9-97E1AA83FB9E}.ReleaseSnk|Any CPU.Build.0 = Release|Any CPU
		{BEDD30A5-D684-4B29-BFE9-97E1AA83FB9E}.ReleaseSnk|Mixed Platforms.ActiveCfg = Release|Any CPU
		{BEDD30A5-D684-4B29-BFE9-97E1AA83FB9E}.ReleaseSnk|Mixed Platforms.Build.0 = Release|Any CPU
		{BEDD30A5-D684-4B29-BFE9-97E1AA83FB9E}.ReleaseSnk|x86.ActiveCfg = Release|Any CPU
		{1C1E584D-97E7-482C-A725-7B301D2134D1}.Debug|Any CPU.ActiveCfg = Debug|Any CPU
		{1C1E584D-97E7-482C-A725-7B301D2134D1}.Debug|Any CPU.Build.0 = Debug|Any CPU
		{1C1E584D-97E7-482C-A725-7B301D2134D1}.Debug|Mixed Platforms.ActiveCfg = Debug|Any CPU
		{1C1E584D-97E7-482C-A725-7B301D2134D1}.Debug|Mixed Platforms.Build.0 = Debug|Any CPU
		{1C1E584D-97E7-482C-A725-7B301D2134D1}.Debug|x86.ActiveCfg = Debug|Any CPU
		{1C1E584D-97E7-482C-A725-7B301D2134D1}.DebugSnk|Any CPU.ActiveCfg = Debug|Any CPU
		{1C1E584D-97E7-482C-A725-7B301D2134D1}.DebugSnk|Any CPU.Build.0 = Debug|Any CPU
		{1C1E584D-97E7-482C-A725-7B301D2134D1}.DebugSnk|Mixed Platforms.ActiveCfg = Debug|Any CPU
		{1C1E584D-97E7-482C-A725-7B301D2134D1}.DebugSnk|Mixed Platforms.Build.0 = Debug|Any CPU
		{1C1E584D-97E7-482C-A725-7B301D2134D1}.DebugSnk|x86.ActiveCfg = Debug|Any CPU
		{1C1E584D-97E7-482C-A725-7B301D2134D1}.Release|Any CPU.ActiveCfg = Release|Any CPU
		{1C1E584D-97E7-482C-A725-7B301D2134D1}.Release|Any CPU.Build.0 = Release|Any CPU
		{1C1E584D-97E7-482C-A725-7B301D2134D1}.Release|Mixed Platforms.ActiveCfg = Release|Any CPU
		{1C1E584D-97E7-482C-A725-7B301D2134D1}.Release|Mixed Platforms.Build.0 = Release|Any CPU
		{1C1E584D-97E7-482C-A725-7B301D2134D1}.Release|x86.ActiveCfg = Release|Any CPU
		{1C1E584D-97E7-482C-A725-7B301D2134D1}.ReleaseSnk|Any CPU.ActiveCfg = Release|Any CPU
		{1C1E584D-97E7-482C-A725-7B301D2134D1}.ReleaseSnk|Any CPU.Build.0 = Release|Any CPU
		{1C1E584D-97E7-482C-A725-7B301D2134D1}.ReleaseSnk|Mixed Platforms.ActiveCfg = Release|Any CPU
		{1C1E584D-97E7-482C-A725-7B301D2134D1}.ReleaseSnk|Mixed Platforms.Build.0 = Release|Any CPU
		{1C1E584D-97E7-482C-A725-7B301D2134D1}.ReleaseSnk|x86.ActiveCfg = Release|Any CPU
		{01172983-2529-4833-AFA0-9E62A195B1E0}.Debug|Any CPU.ActiveCfg = Debug|Any CPU
		{01172983-2529-4833-AFA0-9E62A195B1E0}.Debug|Any CPU.Build.0 = Debug|Any CPU
		{01172983-2529-4833-AFA0-9E62A195B1E0}.Debug|Mixed Platforms.ActiveCfg = Debug|Any CPU
		{01172983-2529-4833-AFA0-9E62A195B1E0}.Debug|Mixed Platforms.Build.0 = Debug|Any CPU
		{01172983-2529-4833-AFA0-9E62A195B1E0}.Debug|x86.ActiveCfg = Debug|Any CPU
		{01172983-2529-4833-AFA0-9E62A195B1E0}.DebugSnk|Any CPU.ActiveCfg = Debug|Any CPU
		{01172983-2529-4833-AFA0-9E62A195B1E0}.DebugSnk|Any CPU.Build.0 = Debug|Any CPU
		{01172983-2529-4833-AFA0-9E62A195B1E0}.DebugSnk|Mixed Platforms.ActiveCfg = Debug|Any CPU
		{01172983-2529-4833-AFA0-9E62A195B1E0}.DebugSnk|Mixed Platforms.Build.0 = Debug|Any CPU
		{01172983-2529-4833-AFA0-9E62A195B1E0}.DebugSnk|x86.ActiveCfg = Debug|Any CPU
		{01172983-2529-4833-AFA0-9E62A195B1E0}.Release|Any CPU.ActiveCfg = Release|Any CPU
		{01172983-2529-4833-AFA0-9E62A195B1E0}.Release|Any CPU.Build.0 = Release|Any CPU
		{01172983-2529-4833-AFA0-9E62A195B1E0}.Release|Mixed Platforms.ActiveCfg = Release|Any CPU
		{01172983-2529-4833-AFA0-9E62A195B1E0}.Release|Mixed Platforms.Build.0 = Release|Any CPU
		{01172983-2529-4833-AFA0-9E62A195B1E0}.Release|x86.ActiveCfg = Release|Any CPU
		{01172983-2529-4833-AFA0-9E62A195B1E0}.ReleaseSnk|Any CPU.ActiveCfg = Release|Any CPU
		{01172983-2529-4833-AFA0-9E62A195B1E0}.ReleaseSnk|Any CPU.Build.0 = Release|Any CPU
		{01172983-2529-4833-AFA0-9E62A195B1E0}.ReleaseSnk|Mixed Platforms.ActiveCfg = Release|Any CPU
		{01172983-2529-4833-AFA0-9E62A195B1E0}.ReleaseSnk|Mixed Platforms.Build.0 = Release|Any CPU
		{01172983-2529-4833-AFA0-9E62A195B1E0}.ReleaseSnk|x86.ActiveCfg = Release|Any CPU
		{54BBA4BF-DE4A-42AF-896D-7301E3D337FF}.Debug|Any CPU.ActiveCfg = Debug|x86
		{54BBA4BF-DE4A-42AF-896D-7301E3D337FF}.Debug|Mixed Platforms.ActiveCfg = Debug|x86
		{54BBA4BF-DE4A-42AF-896D-7301E3D337FF}.Debug|Mixed Platforms.Build.0 = Debug|x86
		{54BBA4BF-DE4A-42AF-896D-7301E3D337FF}.Debug|x86.ActiveCfg = Debug|x86
		{54BBA4BF-DE4A-42AF-896D-7301E3D337FF}.Debug|x86.Build.0 = Debug|x86
		{54BBA4BF-DE4A-42AF-896D-7301E3D337FF}.DebugSnk|Any CPU.ActiveCfg = Debug|x86
		{54BBA4BF-DE4A-42AF-896D-7301E3D337FF}.DebugSnk|Mixed Platforms.ActiveCfg = Debug|x86
		{54BBA4BF-DE4A-42AF-896D-7301E3D337FF}.DebugSnk|Mixed Platforms.Build.0 = Debug|x86
		{54BBA4BF-DE4A-42AF-896D-7301E3D337FF}.DebugSnk|x86.ActiveCfg = Debug|x86
		{54BBA4BF-DE4A-42AF-896D-7301E3D337FF}.DebugSnk|x86.Build.0 = Debug|x86
		{54BBA4BF-DE4A-42AF-896D-7301E3D337FF}.Release|Any CPU.ActiveCfg = Release|x86
		{54BBA4BF-DE4A-42AF-896D-7301E3D337FF}.Release|Mixed Platforms.ActiveCfg = Release|x86
		{54BBA4BF-DE4A-42AF-896D-7301E3D337FF}.Release|Mixed Platforms.Build.0 = Release|x86
		{54BBA4BF-DE4A-42AF-896D-7301E3D337FF}.Release|x86.ActiveCfg = Release|x86
		{54BBA4BF-DE4A-42AF-896D-7301E3D337FF}.Release|x86.Build.0 = Release|x86
		{54BBA4BF-DE4A-42AF-896D-7301E3D337FF}.ReleaseSnk|Any CPU.ActiveCfg = Release|x86
		{54BBA4BF-DE4A-42AF-896D-7301E3D337FF}.ReleaseSnk|Mixed Platforms.ActiveCfg = Release|x86
		{54BBA4BF-DE4A-42AF-896D-7301E3D337FF}.ReleaseSnk|Mixed Platforms.Build.0 = Release|x86
		{54BBA4BF-DE4A-42AF-896D-7301E3D337FF}.ReleaseSnk|x86.ActiveCfg = Release|x86
		{54BBA4BF-DE4A-42AF-896D-7301E3D337FF}.ReleaseSnk|x86.Build.0 = Release|x86
		{85429DE8-8757-411B-958F-20408AF45923}.Debug|Any CPU.ActiveCfg = Debug|x86
		{85429DE8-8757-411B-958F-20408AF45923}.Debug|Mixed Platforms.ActiveCfg = Debug|x86
		{85429DE8-8757-411B-958F-20408AF45923}.Debug|Mixed Platforms.Build.0 = Debug|x86
		{85429DE8-8757-411B-958F-20408AF45923}.Debug|x86.ActiveCfg = Debug|x86
		{85429DE8-8757-411B-958F-20408AF45923}.Debug|x86.Build.0 = Debug|x86
		{85429DE8-8757-411B-958F-20408AF45923}.DebugSnk|Any CPU.ActiveCfg = Debug|x86
		{85429DE8-8757-411B-958F-20408AF45923}.DebugSnk|Mixed Platforms.ActiveCfg = Debug|x86
		{85429DE8-8757-411B-958F-20408AF45923}.DebugSnk|Mixed Platforms.Build.0 = Debug|x86
		{85429DE8-8757-411B-958F-20408AF45923}.DebugSnk|x86.ActiveCfg = Debug|x86
		{85429DE8-8757-411B-958F-20408AF45923}.DebugSnk|x86.Build.0 = Debug|x86
		{85429DE8-8757-411B-958F-20408AF45923}.Release|Any CPU.ActiveCfg = Release|x86
		{85429DE8-8757-411B-958F-20408AF45923}.Release|Mixed Platforms.ActiveCfg = Release|x86
		{85429DE8-8757-411B-958F-20408AF45923}.Release|Mixed Platforms.Build.0 = Release|x86
		{85429DE8-8757-411B-958F-20408AF45923}.Release|x86.ActiveCfg = Release|x86
		{85429DE8-8757-411B-958F-20408AF45923}.Release|x86.Build.0 = Release|x86
		{85429DE8-8757-411B-958F-20408AF45923}.ReleaseSnk|Any CPU.ActiveCfg = Release|x86
		{85429DE8-8757-411B-958F-20408AF45923}.ReleaseSnk|Mixed Platforms.ActiveCfg = Release|x86
		{85429DE8-8757-411B-958F-20408AF45923}.ReleaseSnk|Mixed Platforms.Build.0 = Release|x86
		{85429DE8-8757-411B-958F-20408AF45923}.ReleaseSnk|x86.ActiveCfg = Release|x86
		{85429DE8-8757-411B-958F-20408AF45923}.ReleaseSnk|x86.Build.0 = Release|x86
		{6E1A2ABD-A7F5-49E3-9CB7-4D6B45900573}.Debug|Any CPU.ActiveCfg = Debug|x86
		{6E1A2ABD-A7F5-49E3-9CB7-4D6B45900573}.Debug|Mixed Platforms.ActiveCfg = Debug|x86
		{6E1A2ABD-A7F5-49E3-9CB7-4D6B45900573}.Debug|Mixed Platforms.Build.0 = Debug|x86
		{6E1A2ABD-A7F5-49E3-9CB7-4D6B45900573}.Debug|x86.ActiveCfg = Debug|x86
		{6E1A2ABD-A7F5-49E3-9CB7-4D6B45900573}.Debug|x86.Build.0 = Debug|x86
		{6E1A2ABD-A7F5-49E3-9CB7-4D6B45900573}.DebugSnk|Any CPU.ActiveCfg = Debug|x86
		{6E1A2ABD-A7F5-49E3-9CB7-4D6B45900573}.DebugSnk|Mixed Platforms.ActiveCfg = Debug|x86
		{6E1A2ABD-A7F5-49E3-9CB7-4D6B45900573}.DebugSnk|Mixed Platforms.Build.0 = Debug|x86
		{6E1A2ABD-A7F5-49E3-9CB7-4D6B45900573}.DebugSnk|x86.ActiveCfg = Debug|x86
		{6E1A2ABD-A7F5-49E3-9CB7-4D6B45900573}.DebugSnk|x86.Build.0 = Debug|x86
		{6E1A2ABD-A7F5-49E3-9CB7-4D6B45900573}.Release|Any CPU.ActiveCfg = Release|x86
		{6E1A2ABD-A7F5-49E3-9CB7-4D6B45900573}.Release|Mixed Platforms.ActiveCfg = Release|x86
		{6E1A2ABD-A7F5-49E3-9CB7-4D6B45900573}.Release|Mixed Platforms.Build.0 = Release|x86
		{6E1A2ABD-A7F5-49E3-9CB7-4D6B45900573}.Release|x86.ActiveCfg = Release|x86
		{6E1A2ABD-A7F5-49E3-9CB7-4D6B45900573}.Release|x86.Build.0 = Release|x86
		{6E1A2ABD-A7F5-49E3-9CB7-4D6B45900573}.ReleaseSnk|Any CPU.ActiveCfg = Release|x86
		{6E1A2ABD-A7F5-49E3-9CB7-4D6B45900573}.ReleaseSnk|Mixed Platforms.ActiveCfg = Release|x86
		{6E1A2ABD-A7F5-49E3-9CB7-4D6B45900573}.ReleaseSnk|Mixed Platforms.Build.0 = Release|x86
		{6E1A2ABD-A7F5-49E3-9CB7-4D6B45900573}.ReleaseSnk|x86.ActiveCfg = Release|x86
		{6E1A2ABD-A7F5-49E3-9CB7-4D6B45900573}.ReleaseSnk|x86.Build.0 = Release|x86
		{167956DA-D090-4DA5-894C-E977C062F765}.Debug|Any CPU.ActiveCfg = Debug|x86
		{167956DA-D090-4DA5-894C-E977C062F765}.Debug|Mixed Platforms.ActiveCfg = Debug|x86
		{167956DA-D090-4DA5-894C-E977C062F765}.Debug|Mixed Platforms.Build.0 = Debug|x86
		{167956DA-D090-4DA5-894C-E977C062F765}.Debug|x86.ActiveCfg = Debug|x86
		{167956DA-D090-4DA5-894C-E977C062F765}.Debug|x86.Build.0 = Debug|x86
		{167956DA-D090-4DA5-894C-E977C062F765}.DebugSnk|Any CPU.ActiveCfg = Debug|x86
		{167956DA-D090-4DA5-894C-E977C062F765}.DebugSnk|Mixed Platforms.ActiveCfg = Debug|x86
		{167956DA-D090-4DA5-894C-E977C062F765}.DebugSnk|Mixed Platforms.Build.0 = Debug|x86
		{167956DA-D090-4DA5-894C-E977C062F765}.DebugSnk|x86.ActiveCfg = Debug|x86
		{167956DA-D090-4DA5-894C-E977C062F765}.DebugSnk|x86.Build.0 = Debug|x86
		{167956DA-D090-4DA5-894C-E977C062F765}.Release|Any CPU.ActiveCfg = Release|x86
		{167956DA-D090-4DA5-894C-E977C062F765}.Release|Mixed Platforms.ActiveCfg = Release|x86
		{167956DA-D090-4DA5-894C-E977C062F765}.Release|Mixed Platforms.Build.0 = Release|x86
		{167956DA-D090-4DA5-894C-E977C062F765}.Release|x86.ActiveCfg = Release|x86
		{167956DA-D090-4DA5-894C-E977C062F765}.Release|x86.Build.0 = Release|x86
		{167956DA-D090-4DA5-894C-E977C062F765}.ReleaseSnk|Any CPU.ActiveCfg = Release|x86
		{167956DA-D090-4DA5-894C-E977C062F765}.ReleaseSnk|Mixed Platforms.ActiveCfg = Release|x86
		{167956DA-D090-4DA5-894C-E977C062F765}.ReleaseSnk|Mixed Platforms.Build.0 = Release|x86
		{167956DA-D090-4DA5-894C-E977C062F765}.ReleaseSnk|x86.ActiveCfg = Release|x86
		{167956DA-D090-4DA5-894C-E977C062F765}.ReleaseSnk|x86.Build.0 = Release|x86
		{12C3E29D-27C8-430D-934E-3FD2409A4DC9}.Debug|Any CPU.ActiveCfg = Debug|x86
		{12C3E29D-27C8-430D-934E-3FD2409A4DC9}.Debug|Mixed Platforms.ActiveCfg = Debug|x86
		{12C3E29D-27C8-430D-934E-3FD2409A4DC9}.Debug|Mixed Platforms.Build.0 = Debug|x86
		{12C3E29D-27C8-430D-934E-3FD2409A4DC9}.Debug|x86.ActiveCfg = Debug|x86
		{12C3E29D-27C8-430D-934E-3FD2409A4DC9}.Debug|x86.Build.0 = Debug|x86
		{12C3E29D-27C8-430D-934E-3FD2409A4DC9}.DebugSnk|Any CPU.ActiveCfg = Debug|x86
		{12C3E29D-27C8-430D-934E-3FD2409A4DC9}.DebugSnk|Mixed Platforms.ActiveCfg = Debug|x86
		{12C3E29D-27C8-430D-934E-3FD2409A4DC9}.DebugSnk|Mixed Platforms.Build.0 = Debug|x86
		{12C3E29D-27C8-430D-934E-3FD2409A4DC9}.DebugSnk|x86.ActiveCfg = Debug|x86
		{12C3E29D-27C8-430D-934E-3FD2409A4DC9}.DebugSnk|x86.Build.0 = Debug|x86
		{12C3E29D-27C8-430D-934E-3FD2409A4DC9}.Release|Any CPU.ActiveCfg = Release|x86
		{12C3E29D-27C8-430D-934E-3FD2409A4DC9}.Release|Mixed Platforms.ActiveCfg = Release|x86
		{12C3E29D-27C8-430D-934E-3FD2409A4DC9}.Release|Mixed Platforms.Build.0 = Release|x86
		{12C3E29D-27C8-430D-934E-3FD2409A4DC9}.Release|x86.ActiveCfg = Release|x86
		{12C3E29D-27C8-430D-934E-3FD2409A4DC9}.Release|x86.Build.0 = Release|x86
		{12C3E29D-27C8-430D-934E-3FD2409A4DC9}.ReleaseSnk|Any CPU.ActiveCfg = Release|x86
		{12C3E29D-27C8-430D-934E-3FD2409A4DC9}.ReleaseSnk|Mixed Platforms.ActiveCfg = Release|x86
		{12C3E29D-27C8-430D-934E-3FD2409A4DC9}.ReleaseSnk|Mixed Platforms.Build.0 = Release|x86
		{12C3E29D-27C8-430D-934E-3FD2409A4DC9}.ReleaseSnk|x86.ActiveCfg = Release|x86
		{12C3E29D-27C8-430D-934E-3FD2409A4DC9}.ReleaseSnk|x86.Build.0 = Release|x86
		{13D69ED6-5D72-40DF-947D-699F915AF334}.Debug|Any CPU.ActiveCfg = Debug|Any CPU
		{13D69ED6-5D72-40DF-947D-699F915AF334}.Debug|Any CPU.Build.0 = Debug|Any CPU
		{13D69ED6-5D72-40DF-947D-699F915AF334}.Debug|Mixed Platforms.ActiveCfg = Debug|Any CPU
		{13D69ED6-5D72-40DF-947D-699F915AF334}.Debug|Mixed Platforms.Build.0 = Debug|Any CPU
		{13D69ED6-5D72-40DF-947D-699F915AF334}.Debug|x86.ActiveCfg = Debug|Any CPU
		{13D69ED6-5D72-40DF-947D-699F915AF334}.DebugSnk|Any CPU.ActiveCfg = Debug|Any CPU
		{13D69ED6-5D72-40DF-947D-699F915AF334}.DebugSnk|Any CPU.Build.0 = Debug|Any CPU
		{13D69ED6-5D72-40DF-947D-699F915AF334}.DebugSnk|Mixed Platforms.ActiveCfg = Debug|Any CPU
		{13D69ED6-5D72-40DF-947D-699F915AF334}.DebugSnk|Mixed Platforms.Build.0 = Debug|Any CPU
		{13D69ED6-5D72-40DF-947D-699F915AF334}.DebugSnk|x86.ActiveCfg = Debug|Any CPU
		{13D69ED6-5D72-40DF-947D-699F915AF334}.Release|Any CPU.ActiveCfg = Release|Any CPU
		{13D69ED6-5D72-40DF-947D-699F915AF334}.Release|Any CPU.Build.0 = Release|Any CPU
		{13D69ED6-5D72-40DF-947D-699F915AF334}.Release|Mixed Platforms.ActiveCfg = Release|Any CPU
		{13D69ED6-5D72-40DF-947D-699F915AF334}.Release|Mixed Platforms.Build.0 = Release|Any CPU
		{13D69ED6-5D72-40DF-947D-699F915AF334}.Release|x86.ActiveCfg = Release|Any CPU
		{13D69ED6-5D72-40DF-947D-699F915AF334}.ReleaseSnk|Any CPU.ActiveCfg = Release|Any CPU
		{13D69ED6-5D72-40DF-947D-699F915AF334}.ReleaseSnk|Any CPU.Build.0 = Release|Any CPU
		{13D69ED6-5D72-40DF-947D-699F915AF334}.ReleaseSnk|Mixed Platforms.ActiveCfg = Release|Any CPU
		{13D69ED6-5D72-40DF-947D-699F915AF334}.ReleaseSnk|Mixed Platforms.Build.0 = Release|Any CPU
		{13D69ED6-5D72-40DF-947D-699F915AF334}.ReleaseSnk|x86.ActiveCfg = Release|Any CPU
		{7940A7C6-5043-44C2-B3A4-11B2B9C6A1A0}.Debug|Any CPU.ActiveCfg = Debug|Any CPU
		{7940A7C6-5043-44C2-B3A4-11B2B9C6A1A0}.Debug|Any CPU.Build.0 = Debug|Any CPU
		{7940A7C6-5043-44C2-B3A4-11B2B9C6A1A0}.Debug|Mixed Platforms.ActiveCfg = Debug|Any CPU
		{7940A7C6-5043-44C2-B3A4-11B2B9C6A1A0}.Debug|Mixed Platforms.Build.0 = Debug|Any CPU
		{7940A7C6-5043-44C2-B3A4-11B2B9C6A1A0}.Debug|x86.ActiveCfg = Debug|Any CPU
		{7940A7C6-5043-44C2-B3A4-11B2B9C6A1A0}.DebugSnk|Any CPU.ActiveCfg = Debug|Any CPU
		{7940A7C6-5043-44C2-B3A4-11B2B9C6A1A0}.DebugSnk|Any CPU.Build.0 = Debug|Any CPU
		{7940A7C6-5043-44C2-B3A4-11B2B9C6A1A0}.DebugSnk|Mixed Platforms.ActiveCfg = Debug|Any CPU
		{7940A7C6-5043-44C2-B3A4-11B2B9C6A1A0}.DebugSnk|Mixed Platforms.Build.0 = Debug|Any CPU
		{7940A7C6-5043-44C2-B3A4-11B2B9C6A1A0}.DebugSnk|x86.ActiveCfg = Debug|Any CPU
		{7940A7C6-5043-44C2-B3A4-11B2B9C6A1A0}.Release|Any CPU.ActiveCfg = Release|Any CPU
		{7940A7C6-5043-44C2-B3A4-11B2B9C6A1A0}.Release|Any CPU.Build.0 = Release|Any CPU
		{7940A7C6-5043-44C2-B3A4-11B2B9C6A1A0}.Release|Mixed Platforms.ActiveCfg = Release|Any CPU
		{7940A7C6-5043-44C2-B3A4-11B2B9C6A1A0}.Release|Mixed Platforms.Build.0 = Release|Any CPU
		{7940A7C6-5043-44C2-B3A4-11B2B9C6A1A0}.Release|x86.ActiveCfg = Release|Any CPU
		{7940A7C6-5043-44C2-B3A4-11B2B9C6A1A0}.ReleaseSnk|Any CPU.ActiveCfg = Release|Any CPU
		{7940A7C6-5043-44C2-B3A4-11B2B9C6A1A0}.ReleaseSnk|Any CPU.Build.0 = Release|Any CPU
		{7940A7C6-5043-44C2-B3A4-11B2B9C6A1A0}.ReleaseSnk|Mixed Platforms.ActiveCfg = Release|Any CPU
		{7940A7C6-5043-44C2-B3A4-11B2B9C6A1A0}.ReleaseSnk|Mixed Platforms.Build.0 = Release|Any CPU
		{7940A7C6-5043-44C2-B3A4-11B2B9C6A1A0}.ReleaseSnk|x86.ActiveCfg = Release|Any CPU
		{BA4B7D12-269E-4721-B5E3-7BE8A2E403C9}.Debug|Any CPU.ActiveCfg = Debug|x86
		{BA4B7D12-269E-4721-B5E3-7BE8A2E403C9}.Debug|Mixed Platforms.ActiveCfg = Debug|x86
		{BA4B7D12-269E-4721-B5E3-7BE8A2E403C9}.Debug|Mixed Platforms.Build.0 = Debug|x86
		{BA4B7D12-269E-4721-B5E3-7BE8A2E403C9}.Debug|x86.ActiveCfg = Debug|x86
		{BA4B7D12-269E-4721-B5E3-7BE8A2E403C9}.Debug|x86.Build.0 = Debug|x86
		{BA4B7D12-269E-4721-B5E3-7BE8A2E403C9}.DebugSnk|Any CPU.ActiveCfg = Debug|x86
		{BA4B7D12-269E-4721-B5E3-7BE8A2E403C9}.DebugSnk|Mixed Platforms.ActiveCfg = Debug|x86
		{BA4B7D12-269E-4721-B5E3-7BE8A2E403C9}.DebugSnk|Mixed Platforms.Build.0 = Debug|x86
		{BA4B7D12-269E-4721-B5E3-7BE8A2E403C9}.DebugSnk|x86.ActiveCfg = Debug|x86
		{BA4B7D12-269E-4721-B5E3-7BE8A2E403C9}.DebugSnk|x86.Build.0 = Debug|x86
		{BA4B7D12-269E-4721-B5E3-7BE8A2E403C9}.Release|Any CPU.ActiveCfg = Release|x86
		{BA4B7D12-269E-4721-B5E3-7BE8A2E403C9}.Release|Mixed Platforms.ActiveCfg = Release|x86
		{BA4B7D12-269E-4721-B5E3-7BE8A2E403C9}.Release|Mixed Platforms.Build.0 = Release|x86
		{BA4B7D12-269E-4721-B5E3-7BE8A2E403C9}.Release|x86.ActiveCfg = Release|x86
		{BA4B7D12-269E-4721-B5E3-7BE8A2E403C9}.Release|x86.Build.0 = Release|x86
		{BA4B7D12-269E-4721-B5E3-7BE8A2E403C9}.ReleaseSnk|Any CPU.ActiveCfg = Release|x86
		{BA4B7D12-269E-4721-B5E3-7BE8A2E403C9}.ReleaseSnk|Mixed Platforms.ActiveCfg = Release|x86
		{BA4B7D12-269E-4721-B5E3-7BE8A2E403C9}.ReleaseSnk|Mixed Platforms.Build.0 = Release|x86
		{BA4B7D12-269E-4721-B5E3-7BE8A2E403C9}.ReleaseSnk|x86.ActiveCfg = Release|x86
		{BA4B7D12-269E-4721-B5E3-7BE8A2E403C9}.ReleaseSnk|x86.Build.0 = Release|x86
	EndGlobalSection
	GlobalSection(SolutionProperties) = preSolution
		HideSolutionNode = FALSE
	EndGlobalSection
	GlobalSection(MonoDevelopProperties) = preSolution
		StartupItem = RemotableWeb_Adapter\RemotableWeb_Adapter.csproj
	EndGlobalSection
EndGlobal
